
Microsoft Visual Studio Solution File, Format Version 12.00
# Visual Studio 15
VisualStudioVersion = 15.0.27703.2035
MinimumVisualStudioVersion = 10.0.40219.1
Project("{FAE04EC0-301F-11D3-BF4B-00C04F79EFBC}") = "Products.Android", "Products\Products.Android\Products.Android.csproj", "{7BF33F65-26EE-4D5C-90CD-77145508B04A}"
EndProject
Project("{FAE04EC0-301F-11D3-BF4B-00C04F79EFBC}") = "Products.iOS", "Products\Products.iOS\Products.iOS.csproj", "{3AD15030-36DA-4B59-A478-572E7475A51B}"
EndProject
Project("{FAE04EC0-301F-11D3-BF4B-00C04F79EFBC}") = "Products", "Products\Products\Products.csproj", "{37200986-3A4F-4A4C-AF4A-4A698D76B0FB}"
EndProject
Project("{FAE04EC0-301F-11D3-BF4B-00C04F79EFBC}") = "Products.Domain", "Products.Domain\Products.Domain.csproj", "{EA5E4726-95E6-43CE-95C5-89D697411EFC}"
EndProject
Project("{FAE04EC0-301F-11D3-BF4B-00C04F79EFBC}") = "Products.Backend", "Products.Backend\Products.Backend.csproj", "{C6DBF27F-56E1-4F3D-9675-6CEA4558B189}"
EndProject
Project("{FAE04EC0-301F-11D3-BF4B-00C04F79EFBC}") = "Products.API", "Products.API\Products.API.csproj", "{097F7A5F-B5A3-49EE-8B79-64A713C2CE0E}"
EndProject
Global
	GlobalSection(SolutionConfigurationPlatforms) = preSolution
		Ad-Hoc|Any CPU = Ad-Hoc|Any CPU
		Ad-Hoc|iPhone = Ad-Hoc|iPhone
		Ad-Hoc|iPhoneSimulator = Ad-Hoc|iPhoneSimulator
		AppStore|Any CPU = AppStore|Any CPU
		AppStore|iPhone = AppStore|iPhone
		AppStore|iPhoneSimulator = AppStore|iPhoneSimulator
		Debug|Any CPU = Debug|Any CPU
		Debug|iPhone = Debug|iPhone
		Debug|iPhoneSimulator = Debug|iPhoneSimulator
		Release|Any CPU = Release|Any CPU
		Release|iPhone = Release|iPhone
		Release|iPhoneSimulator = Release|iPhoneSimulator
	EndGlobalSection
	GlobalSection(ProjectConfigurationPlatforms) = postSolution
		{7BF33F65-26EE-4D5C-90CD-77145508B04A}.Ad-Hoc|Any CPU.ActiveCfg = Release|Any CPU
		{7BF33F65-26EE-4D5C-90CD-77145508B04A}.Ad-Hoc|Any CPU.Build.0 = Release|Any CPU
		{7BF33F65-26EE-4D5C-90CD-77145508B04A}.Ad-Hoc|Any CPU.Deploy.0 = Release|Any CPU
		{7BF33F65-26EE-4D5C-90CD-77145508B04A}.Ad-Hoc|iPhone.ActiveCfg = Release|Any CPU
		{7BF33F65-26EE-4D5C-90CD-77145508B04A}.Ad-Hoc|iPhone.Build.0 = Release|Any CPU
		{7BF33F65-26EE-4D5C-90CD-77145508B04A}.Ad-Hoc|iPhone.Deploy.0 = Release|Any CPU
		{7BF33F65-26EE-4D5C-90CD-77145508B04A}.Ad-Hoc|iPhoneSimulator.ActiveCfg = Release|Any CPU
		{7BF33F65-26EE-4D5C-90CD-77145508B04A}.Ad-Hoc|iPhoneSimulator.Build.0 = Release|Any CPU
		{7BF33F65-26EE-4D5C-90CD-77145508B04A}.Ad-Hoc|iPhoneSimulator.Deploy.0 = Release|Any CPU
		{7BF33F65-26EE-4D5C-90CD-77145508B04A}.AppStore|Any CPU.ActiveCfg = Release|Any CPU
		{7BF33F65-26EE-4D5C-90CD-77145508B04A}.AppStore|Any CPU.Build.0 = Release|Any CPU
		{7BF33F65-26EE-4D5C-90CD-77145508B04A}.AppStore|Any CPU.Deploy.0 = Release|Any CPU
		{7BF33F65-26EE-4D5C-90CD-77145508B04A}.AppStore|iPhone.ActiveCfg = Release|Any CPU
		{7BF33F65-26EE-4D5C-90CD-77145508B04A}.AppStore|iPhone.Build.0 = Release|Any CPU
		{7BF33F65-26EE-4D5C-90CD-77145508B04A}.AppStore|iPhone.Deploy.0 = Release|Any CPU
		{7BF33F65-26EE-4D5C-90CD-77145508B04A}.AppStore|iPhoneSimulator.ActiveCfg = Release|Any CPU
		{7BF33F65-26EE-4D5C-90CD-77145508B04A}.AppStore|iPhoneSimulator.Build.0 = Release|Any CPU
		{7BF33F65-26EE-4D5C-90CD-77145508B04A}.AppStore|iPhoneSimulator.Deploy.0 = Release|Any CPU
		{7BF33F65-26EE-4D5C-90CD-77145508B04A}.Debug|Any CPU.ActiveCfg = Debug|Any CPU
		{7BF33F65-26EE-4D5C-90CD-77145508B04A}.Debug|Any CPU.Build.0 = Debug|Any CPU
		{7BF33F65-26EE-4D5C-90CD-77145508B04A}.Debug|Any CPU.Deploy.0 = Debug|Any CPU
		{7BF33F65-26EE-4D5C-90CD-77145508B04A}.Debug|iPhone.ActiveCfg = Debug|Any CPU
		{7BF33F65-26EE-4D5C-90CD-77145508B04A}.Debug|iPhone.Build.0 = Debug|Any CPU
		{7BF33F65-26EE-4D5C-90CD-77145508B04A}.Debug|iPhone.Deploy.0 = Debug|Any CPU
		{7BF33F65-26EE-4D5C-90CD-77145508B04A}.Debug|iPhoneSimulator.ActiveCfg = Debug|Any CPU
		{7BF33F65-26EE-4D5C-90CD-77145508B04A}.Debug|iPhoneSimulator.Build.0 = Debug|Any CPU
		{7BF33F65-26EE-4D5C-90CD-77145508B04A}.Debug|iPhoneSimulator.Deploy.0 = Debug|Any CPU
		{7BF33F65-26EE-4D5C-90CD-77145508B04A}.Release|Any CPU.ActiveCfg = Release|Any CPU
		{7BF33F65-26EE-4D5C-90CD-77145508B04A}.Release|Any CPU.Build.0 = Release|Any CPU
		{7BF33F65-26EE-4D5C-90CD-77145508B04A}.Release|Any CPU.Deploy.0 = Release|Any CPU
		{7BF33F65-26EE-4D5C-90CD-77145508B04A}.Release|iPhone.ActiveCfg = Release|Any CPU
		{7BF33F65-26EE-4D5C-90CD-77145508B04A}.Release|iPhone.Build.0 = Release|Any CPU
		{7BF33F65-26EE-4D5C-90CD-77145508B04A}.Release|iPhone.Deploy.0 = Release|Any CPU
		{7BF33F65-26EE-4D5C-90CD-77145508B04A}.Release|iPhoneSimulator.ActiveCfg = Release|Any CPU
		{7BF33F65-26EE-4D5C-90CD-77145508B04A}.Release|iPhoneSimulator.Build.0 = Release|Any CPU
		{7BF33F65-26EE-4D5C-90CD-77145508B04A}.Release|iPhoneSimulator.Deploy.0 = Release|Any CPU
		{3AD15030-36DA-4B59-A478-572E7475A51B}.Ad-Hoc|Any CPU.ActiveCfg = Ad-Hoc|iPhone
		{3AD15030-36DA-4B59-A478-572E7475A51B}.Ad-Hoc|iPhone.ActiveCfg = Ad-Hoc|iPhone
		{3AD15030-36DA-4B59-A478-572E7475A51B}.Ad-Hoc|iPhone.Build.0 = Ad-Hoc|iPhone
		{3AD15030-36DA-4B59-A478-572E7475A51B}.Ad-Hoc|iPhoneSimulator.ActiveCfg = Ad-Hoc|iPhoneSimulator
		{3AD15030-36DA-4B59-A478-572E7475A51B}.Ad-Hoc|iPhoneSimulator.Build.0 = Ad-Hoc|iPhoneSimulator
		{3AD15030-36DA-4B59-A478-572E7475A51B}.AppStore|Any CPU.ActiveCfg = AppStore|iPhone
		{3AD15030-36DA-4B59-A478-572E7475A51B}.AppStore|iPhone.ActiveCfg = AppStore|iPhone
		{3AD15030-36DA-4B59-A478-572E7475A51B}.AppStore|iPhone.Build.0 = AppStore|iPhone
		{3AD15030-36DA-4B59-A478-572E7475A51B}.AppStore|iPhoneSimulator.ActiveCfg = AppStore|iPhoneSimulator
		{3AD15030-36DA-4B59-A478-572E7475A51B}.AppStore|iPhoneSimulator.Build.0 = AppStore|iPhoneSimulator
		{3AD15030-36DA-4B59-A478-572E7475A51B}.Debug|Any CPU.ActiveCfg = Debug|iPhone
		{3AD15030-36DA-4B59-A478-572E7475A51B}.Debug|iPhone.ActiveCfg = Debug|iPhone
		{3AD15030-36DA-4B59-A478-572E7475A51B}.Debug|iPhone.Build.0 = Debug|iPhone
		{3AD15030-36DA-4B59-A478-572E7475A51B}.Debug|iPhoneSimulator.ActiveCfg = Debug|iPhoneSimulator
		{3AD15030-36DA-4B59-A478-572E7475A51B}.Debug|iPhoneSimulator.Build.0 = Debug|iPhoneSimulator
		{3AD15030-36DA-4B59-A478-572E7475A51B}.Release|Any CPU.ActiveCfg = Release|iPhone
		{3AD15030-36DA-4B59-A478-572E7475A51B}.Release|iPhone.ActiveCfg = Release|iPhone
		{3AD15030-36DA-4B59-A478-572E7475A51B}.Release|iPhone.Build.0 = Release|iPhone
		{3AD15030-36DA-4B59-A478-572E7475A51B}.Release|iPhoneSimulator.ActiveCfg = Release|iPhoneSimulator
		{3AD15030-36DA-4B59-A478-572E7475A51B}.Release|iPhoneSimulator.Build.0 = Release|iPhoneSimulator
		{37200986-3A4F-4A4C-AF4A-4A698D76B0FB}.Ad-Hoc|Any CPU.ActiveCfg = Debug|Any CPU
		{37200986-3A4F-4A4C-AF4A-4A698D76B0FB}.Ad-Hoc|Any CPU.Build.0 = Debug|Any CPU
		{37200986-3A4F-4A4C-AF4A-4A698D76B0FB}.Ad-Hoc|iPhone.ActiveCfg = Debug|Any CPU
		{37200986-3A4F-4A4C-AF4A-4A698D76B0FB}.Ad-Hoc|iPhone.Build.0 = Debug|Any CPU
		{37200986-3A4F-4A4C-AF4A-4A698D76B0FB}.Ad-Hoc|iPhoneSimulator.ActiveCfg = Debug|Any CPU
		{37200986-3A4F-4A4C-AF4A-4A698D76B0FB}.Ad-Hoc|iPhoneSimulator.Build.0 = Debug|Any CPU
		{37200986-3A4F-4A4C-AF4A-4A698D76B0FB}.AppStore|Any CPU.ActiveCfg = Debug|Any CPU
		{37200986-3A4F-4A4C-AF4A-4A698D76B0FB}.AppStore|Any CPU.Build.0 = Debug|Any CPU
		{37200986-3A4F-4A4C-AF4A-4A698D76B0FB}.AppStore|iPhone.ActiveCfg = Debug|Any CPU
		{37200986-3A4F-4A4C-AF4A-4A698D76B0FB}.AppStore|iPhone.Build.0 = Debug|Any CPU
		{37200986-3A4F-4A4C-AF4A-4A698D76B0FB}.AppStore|iPhoneSimulator.ActiveCfg = Debug|Any CPU
		{37200986-3A4F-4A4C-AF4A-4A698D76B0FB}.AppStore|iPhoneSimulator.Build.0 = Debug|Any CPU
		{37200986-3A4F-4A4C-AF4A-4A698D76B0FB}.Debug|Any CPU.ActiveCfg = Debug|Any CPU
		{37200986-3A4F-4A4C-AF4A-4A698D76B0FB}.Debug|Any CPU.Build.0 = Debug|Any CPU
		{37200986-3A4F-4A4C-AF4A-4A698D76B0FB}.Debug|iPhone.ActiveCfg = Debug|Any CPU
		{37200986-3A4F-4A4C-AF4A-4A698D76B0FB}.Debug|iPhone.Build.0 = Debug|Any CPU
		{37200986-3A4F-4A4C-AF4A-4A698D76B0FB}.Debug|iPhoneSimulator.ActiveCfg = Debug|Any CPU
		{37200986-3A4F-4A4C-AF4A-4A698D76B0FB}.Debug|iPhoneSimulator.Build.0 = Debug|Any CPU
		{37200986-3A4F-4A4C-AF4A-4A698D76B0FB}.Release|Any CPU.ActiveCfg = Release|Any CPU
		{37200986-3A4F-4A4C-AF4A-4A698D76B0FB}.Release|Any CPU.Build.0 = Release|Any CPU
		{37200986-3A4F-4A4C-AF4A-4A698D76B0FB}.Release|iPhone.ActiveCfg = Release|Any CPU
		{37200986-3A4F-4A4C-AF4A-4A698D76B0FB}.Release|iPhone.Build.0 = Release|Any CPU
		{37200986-3A4F-4A4C-AF4A-4A698D76B0FB}.Release|iPhoneSimulator.ActiveCfg = Release|Any CPU
		{37200986-3A4F-4A4C-AF4A-4A698D76B0FB}.Release|iPhoneSimulator.Build.0 = Release|Any CPU
		{EA5E4726-95E6-43CE-95C5-89D697411EFC}.Ad-Hoc|Any CPU.ActiveCfg = Release|Any CPU
		{EA5E4726-95E6-43CE-95C5-89D697411EFC}.Ad-Hoc|Any CPU.Build.0 = Release|Any CPU
		{EA5E4726-95E6-43CE-95C5-89D697411EFC}.Ad-Hoc|iPhone.ActiveCfg = Release|Any CPU
		{EA5E4726-95E6-43CE-95C5-89D697411EFC}.Ad-Hoc|iPhone.Build.0 = Release|Any CPU
		{EA5E4726-95E6-43CE-95C5-89D697411EFC}.Ad-Hoc|iPhoneSimulator.ActiveCfg = Release|Any CPU
		{EA5E4726-95E6-43CE-95C5-89D697411EFC}.Ad-Hoc|iPhoneSimulator.Build.0 = Release|Any CPU
		{EA5E4726-95E6-43CE-95C5-89D697411EFC}.AppStore|Any CPU.ActiveCfg = Release|Any CPU
		{EA5E4726-95E6-43CE-95C5-89D697411EFC}.AppStore|Any CPU.Build.0 = Release|Any CPU
		{EA5E4726-95E6-43CE-95C5-89D697411EFC}.AppStore|iPhone.ActiveCfg = Release|Any CPU
		{EA5E4726-95E6-43CE-95C5-89D697411EFC}.AppStore|iPhone.Build.0 = Release|Any CPU
		{EA5E4726-95E6-43CE-95C5-89D697411EFC}.AppStore|iPhoneSimulator.ActiveCfg = Release|Any CPU
		{EA5E4726-95E6-43CE-95C5-89D697411EFC}.AppStore|iPhoneSimulator.Build.0 = Release|Any CPU
		{EA5E4726-95E6-43CE-95C5-89D697411EFC}.Debug|Any CPU.ActiveCfg = Debug|Any CPU
		{EA5E4726-95E6-43CE-95C5-89D697411EFC}.Debug|Any CPU.Build.0 = Debug|Any CPU
		{EA5E4726-95E6-43CE-95C5-89D697411EFC}.Debug|iPhone.ActiveCfg = Debug|Any CPU
		{EA5E4726-95E6-43CE-95C5-89D697411EFC}.Debug|iPhone.Build.0 = Debug|Any CPU
		{EA5E4726-95E6-43CE-95C5-89D697411EFC}.Debug|iPhoneSimulator.ActiveCfg = Debug|Any CPU
		{EA5E4726-95E6-43CE-95C5-89D697411EFC}.Debug|iPhoneSimulator.Build.0 = Debug|Any CPU
		{EA5E4726-95E6-43CE-95C5-89D697411EFC}.Release|Any CPU.ActiveCfg = Release|Any CPU
		{EA5E4726-95E6-43CE-95C5-89D697411EFC}.Release|Any CPU.Build.0 = Release|Any CPU
		{EA5E4726-95E6-43CE-95C5-89D697411EFC}.Release|iPhone.ActiveCfg = Release|Any CPU
		{EA5E4726-95E6-43CE-95C5-89D697411EFC}.Release|iPhone.Build.0 = Release|Any CPU
		{EA5E4726-95E6-43CE-95C5-89D697411EFC}.Release|iPhoneSimulator.ActiveCfg = Release|Any CPU
		{EA5E4726-95E6-43CE-95C5-89D697411EFC}.Release|iPhoneSimulator.Build.0 = Release|Any CPU
		{C6DBF27F-56E1-4F3D-9675-6CEA4558B189}.Ad-Hoc|Any CPU.ActiveCfg = Release|Any CPU
		{C6DBF27F-56E1-4F3D-9675-6CEA4558B189}.Ad-Hoc|Any CPU.Build.0 = Release|Any CPU
		{C6DBF27F-56E1-4F3D-9675-6CEA4558B189}.Ad-Hoc|iPhone.ActiveCfg = Release|Any CPU
		{C6DBF27F-56E1-4F3D-9675-6CEA4558B189}.Ad-Hoc|iPhone.Build.0 = Release|Any CPU
		{C6DBF27F-56E1-4F3D-9675-6CEA4558B189}.Ad-Hoc|iPhoneSimulator.ActiveCfg = Release|Any CPU
		{C6DBF27F-56E1-4F3D-9675-6CEA4558B189}.Ad-Hoc|iPhoneSimulator.Build.0 = Release|Any CPU
		{C6DBF27F-56E1-4F3D-9675-6CEA4558B189}.AppStore|Any CPU.ActiveCfg = Release|Any CPU
		{C6DBF27F-56E1-4F3D-9675-6CEA4558B189}.AppStore|Any CPU.Build.0 = Release|Any CPU
		{C6DBF27F-56E1-4F3D-9675-6CEA4558B189}.AppStore|iPhone.ActiveCfg = Release|Any CPU
		{C6DBF27F-56E1-4F3D-9675-6CEA4558B189}.AppStore|iPhone.Build.0 = Release|Any CPU
		{C6DBF27F-56E1-4F3D-9675-6CEA4558B189}.AppStore|iPhoneSimulator.ActiveCfg = Release|Any CPU
		{C6DBF27F-56E1-4F3D-9675-6CEA4558B189}.AppStore|iPhoneSimulator.Build.0 = Release|Any CPU
		{C6DBF27F-56E1-4F3D-9675-6CEA4558B189}.Debug|Any CPU.ActiveCfg = Debug|Any CPU
		{C6DBF27F-56E1-4F3D-9675-6CEA4558B189}.Debug|Any CPU.Build.0 = Debug|Any CPU
		{C6DBF27F-56E1-4F3D-9675-6CEA4558B189}.Debug|iPhone.ActiveCfg = Debug|Any CPU
		{C6DBF27F-56E1-4F3D-9675-6CEA4558B189}.Debug|iPhone.Build.0 = Debug|Any CPU
		{C6DBF27F-56E1-4F3D-9675-6CEA4558B189}.Debug|iPhoneSimulator.ActiveCfg = Debug|Any CPU
		{C6DBF27F-56E1-4F3D-9675-6CEA4558B189}.Debug|iPhoneSimulator.Build.0 = Debug|Any CPU
		{C6DBF27F-56E1-4F3D-9675-6CEA4558B189}.Release|Any CPU.ActiveCfg = Release|Any CPU
		{C6DBF27F-56E1-4F3D-9675-6CEA4558B189}.Release|Any CPU.Build.0 = Release|Any CPU
		{C6DBF27F-56E1-4F3D-9675-6CEA4558B189}.Release|iPhone.ActiveCfg = Release|Any CPU
		{C6DBF27F-56E1-4F3D-9675-6CEA4558B189}.Release|iPhone.Build.0 = Release|Any CPU
		{C6DBF27F-56E1-4F3D-9675-6CEA4558B189}.Release|iPhoneSimulator.ActiveCfg = Release|Any CPU
		{C6DBF27F-56E1-4F3D-9675-6CEA4558B189}.Release|iPhoneSimulator.Build.0 = Release|Any CPU
		{097F7A5F-B5A3-49EE-8B79-64A713C2CE0E}.Ad-Hoc|Any CPU.ActiveCfg = Release|Any CPU
		{097F7A5F-B5A3-49EE-8B79-64A713C2CE0E}.Ad-Hoc|Any CPU.Build.0 = Release|Any CPU
		{097F7A5F-B5A3-49EE-8B79-64A713C2CE0E}.Ad-Hoc|iPhone.ActiveCfg = Release|Any CPU
		{097F7A5F-B5A3-49EE-8B79-64A713C2CE0E}.Ad-Hoc|iPhone.Build.0 = Release|Any CPU
		{097F7A5F-B5A3-49EE-8B79-64A713C2CE0E}.Ad-Hoc|iPhoneSimulator.ActiveCfg = Release|Any CPU
		{097F7A5F-B5A3-49EE-8B79-64A713C2CE0E}.Ad-Hoc|iPhoneSimulator.Build.0 = Release|Any CPU
		{097F7A5F-B5A3-49EE-8B79-64A713C2CE0E}.AppStore|Any CPU.ActiveCfg = Release|Any CPU
		{097F7A5F-B5A3-49EE-8B79-64A713C2CE0E}.AppStore|Any CPU.Build.0 = Release|Any CPU
		{097F7A5F-B5A3-49EE-8B79-64A713C2CE0E}.AppStore|iPhone.ActiveCfg = Release|Any CPU
		{097F7A5F-B5A3-49EE-8B79-64A713C2CE0E}.AppStore|iPhone.Build.0 = Release|Any CPU
		{097F7A5F-B5A3-49EE-8B79-64A713C2CE0E}.AppStore|iPhoneSimulator.ActiveCfg = Release|Any CPU
		{097F7A5F-B5A3-49EE-8B79-64A713C2CE0E}.AppStore|iPhoneSimulator.Build.0 = Release|Any CPU
		{097F7A5F-B5A3-49EE-8B79-64A713C2CE0E}.Debug|Any CPU.ActiveCfg = Debug|Any CPU
		{097F7A5F-B5A3-49EE-8B79-64A713C2CE0E}.Debug|Any CPU.Build.0 = Debug|Any CPU
		{097F7A5F-B5A3-49EE-8B79-64A713C2CE0E}.Debug|iPhone.ActiveCfg = Debug|Any CPU
		{097F7A5F-B5A3-49EE-8B79-64A713C2CE0E}.Debug|iPhone.Build.0 = Debug|Any CPU
		{097F7A5F-B5A3-49EE-8B79-64A713C2CE0E}.Debug|iPhoneSimulator.ActiveCfg = Debug|Any CPU
		{097F7A5F-B5A3-49EE-8B79-64A713C2CE0E}.Debug|iPhoneSimulator.Build.0 = Debug|Any CPU
		{097F7A5F-B5A3-49EE-8B79-64A713C2CE0E}.Release|Any CPU.ActiveCfg = Release|Any CPU
		{097F7A5F-B5A3-49EE-8B79-64A713C2CE0E}.Release|Any CPU.Build.0 = Release|Any CPU
		{097F7A5F-B5A3-49EE-8B79-64A713C2CE0E}.Release|iPhone.ActiveCfg = Release|Any CPU
		{097F7A5F-B5A3-49EE-8B79-64A713C2CE0E}.Release|iPhone.Build.0 = Release|Any CPU
		{097F7A5F-B5A3-49EE-8B79-64A713C2CE0E}.Release|iPhoneSimulator.ActiveCfg = Release|Any CPU
		{097F7A5F-B5A3-49EE-8B79-64A713C2CE0E}.Release|iPhoneSimulator.Build.0 = Release|Any CPU
	EndGlobalSection
	GlobalSection(SolutionProperties) = preSolution
		HideSolutionNode = FALSE
	EndGlobalSection
	GlobalSection(ExtensibilityGlobals) = postSolution
		SolutionGuid = {93C09AFE-99BB-41C2-8E9D-5E133486AD70}
	EndGlobalSection
EndGlobal
